
Microsoft Visual Studio Solution File, Format Version 12.00
# Visual Studio Version 17
VisualStudioVersion = 17.8.34330.188
MinimumVisualStudioVersion = 10.0.40219.1
Project("{FAE04EC0-301F-11D3-BF4B-00C04F79EFBC}") = "OOP Lab 0", "OOP Lab 0\OOP Lab 0.csproj", "{BAA1F1E6-633C-4260-8C4C-C0E2DB3A5325}"
EndProject
Global
	GlobalSection(SolutionConfigurationPlatforms) = preSolution
		Debug|Any CPU = Debug|Any CPU
		Release|Any CPU = Release|Any CPU
	EndGlobalSection
	GlobalSection(ProjectConfigurationPlatforms) = postSolution
		{BAA1F1E6-633C-4260-8C4C-C0E2DB3A5325}.Debug|Any CPU.ActiveCfg = Debug|Any CPU
		{BAA1F1E6-633C-4260-8C4C-C0E2DB3A5325}.Debug|Any CPU.Build.0 = Debug|Any CPU
		{BAA1F1E6-633C-4260-8C4C-C0E2DB3A5325}.Release|Any CPU.ActiveCfg = Release|Any CPU
		{BAA1F1E6-633C-4260-8C4C-C0E2DB3A5325}.Release|Any CPU.Build.0 = Release|Any CPU
	EndGlobalSection
	GlobalSection(SolutionProperties) = preSolution
		HideSolutionNode = FALSE
	EndGlobalSection
	GlobalSection(ExtensibilityGlobals) = postSolution
		SolutionGuid = {7360BA4B-7B8C-41F6-800A-8A9C8B623773}
	EndGlobalSection
EndGlobal
